// !$*UTF8*$!
{
	archiveVersion = 1;
	classes = {
	};
	objectVersion = 46;
	objects = {

/* Begin PBXBuildFile section */
		D119BBBC1529CFD000663569 /* UIKit.framework in Frameworks */ = {isa = PBXBuildFile; fileRef = D119BBBB1529CFD000663569 /* UIKit.framework */; };
		D119BBBE1529CFD000663569 /* Foundation.framework in Frameworks */ = {isa = PBXBuildFile; fileRef = D119BBBD1529CFD000663569 /* Foundation.framework */; };
		D119BBC01529CFD000663569 /* CoreGraphics.framework in Frameworks */ = {isa = PBXBuildFile; fileRef = D119BBBF1529CFD000663569 /* CoreGraphics.framework */; };
		D119BBC61529CFD000663569 /* InfoPlist.strings in Resources */ = {isa = PBXBuildFile; fileRef = D119BBC41529CFD000663569 /* InfoPlist.strings */; };
		D119BBC81529CFD000663569 /* main.m in Sources */ = {isa = PBXBuildFile; fileRef = D119BBC71529CFD000663569 /* main.m */; };
		D119BBCC1529CFD000663569 /* AppDelegate.m in Sources */ = {isa = PBXBuildFile; fileRef = D119BBCB1529CFD000663569 /* AppDelegate.m */; };
		D119BBDA1529D00600663569 /* FirstViewController.m in Sources */ = {isa = PBXBuildFile; fileRef = D119BBD91529D00600663569 /* FirstViewController.m */; };
		D119BBE11529D5F800663569 /* APPDarkView.m in Sources */ = {isa = PBXBuildFile; fileRef = D119BBDE1529D5F800663569 /* APPDarkView.m */; };
		D119BBE21529D5F800663569 /* APPSortingController.m in Sources */ = {isa = PBXBuildFile; fileRef = D119BBE01529D5F800663569 /* APPSortingController.m */; };
		D119BBE51529D73100663569 /* SecondViewController.m in Sources */ = {isa = PBXBuildFile; fileRef = D119BBE41529D73100663569 /* SecondViewController.m */; };
		D119BBF01529F8C100663569 /* README in Resources */ = {isa = PBXBuildFile; fileRef = D119BBEF1529F8C100663569 /* README */; };
/* End PBXBuildFile section */

/* Begin PBXFileReference section */
		D119BBB71529CFD000663569 /* APPSortingController-Example.app */ = {isa = PBXFileReference; explicitFileType = wrapper.application; includeInIndex = 0; path = "APPSortingController-Example.app"; sourceTree = BUILT_PRODUCTS_DIR; };
		D119BBBB1529CFD000663569 /* UIKit.framework */ = {isa = PBXFileReference; lastKnownFileType = wrapper.framework; name = UIKit.framework; path = System/Library/Frameworks/UIKit.framework; sourceTree = SDKROOT; };
		D119BBBD1529CFD000663569 /* Foundation.framework */ = {isa = PBXFileReference; lastKnownFileType = wrapper.framework; name = Foundation.framework; path = System/Library/Frameworks/Foundation.framework; sourceTree = SDKROOT; };
		D119BBBF1529CFD000663569 /* CoreGraphics.framework */ = {isa = PBXFileReference; lastKnownFileType = wrapper.framework; name = CoreGraphics.framework; path = System/Library/Frameworks/CoreGraphics.framework; sourceTree = SDKROOT; };
		D119BBC31529CFD000663569 /* APPSortingController-Example-Info.plist */ = {isa = PBXFileReference; lastKnownFileType = text.plist.xml; path = "APPSortingController-Example-Info.plist"; sourceTree = "<group>"; };
		D119BBC51529CFD000663569 /* en */ = {isa = PBXFileReference; lastKnownFileType = text.plist.strings; name = en; path = en.lproj/InfoPlist.strings; sourceTree = "<group>"; };
		D119BBC71529CFD000663569 /* main.m */ = {isa = PBXFileReference; lastKnownFileType = sourcecode.c.objc; path = main.m; sourceTree = "<group>"; };
		D119BBC91529CFD000663569 /* APPSortingController-Example-Prefix.pch */ = {isa = PBXFileReference; lastKnownFileType = sourcecode.c.h; path = "APPSortingController-Example-Prefix.pch"; sourceTree = "<group>"; };
		D119BBCA1529CFD000663569 /* AppDelegate.h */ = {isa = PBXFileReference; lastKnownFileType = sourcecode.c.h; path = AppDelegate.h; sourceTree = "<group>"; };
		D119BBCB1529CFD000663569 /* AppDelegate.m */ = {isa = PBXFileReference; lastKnownFileType = sourcecode.c.objc; path = AppDelegate.m; sourceTree = "<group>"; };
		D119BBD81529D00600663569 /* FirstViewController.h */ = {isa = PBXFileReference; fileEncoding = 4; lastKnownFileType = sourcecode.c.h; path = FirstViewController.h; sourceTree = "<group>"; };
		D119BBD91529D00600663569 /* FirstViewController.m */ = {isa = PBXFileReference; fileEncoding = 4; lastKnownFileType = sourcecode.c.objc; path = FirstViewController.m; sourceTree = "<group>"; };
		D119BBDD1529D5F800663569 /* APPDarkView.h */ = {isa = PBXFileReference; fileEncoding = 4; lastKnownFileType = sourcecode.c.h; path = APPDarkView.h; sourceTree = "<group>"; };
		D119BBDE1529D5F800663569 /* APPDarkView.m */ = {isa = PBXFileReference; fileEncoding = 4; lastKnownFileType = sourcecode.c.objc; path = APPDarkView.m; sourceTree = "<group>"; };
		D119BBDF1529D5F800663569 /* APPSortingController.h */ = {isa = PBXFileReference; fileEncoding = 4; lastKnownFileType = sourcecode.c.h; path = APPSortingController.h; sourceTree = "<group>"; };
		D119BBE01529D5F800663569 /* APPSortingController.m */ = {isa = PBXFileReference; fileEncoding = 4; lastKnownFileType = sourcecode.c.objc; path = APPSortingController.m; sourceTree = "<group>"; };
		D119BBE31529D73100663569 /* SecondViewController.h */ = {isa = PBXFileReference; fileEncoding = 4; lastKnownFileType = sourcecode.c.h; path = SecondViewController.h; sourceTree = "<group>"; };
		D119BBE41529D73100663569 /* SecondViewController.m */ = {isa = PBXFileReference; fileEncoding = 4; lastKnownFileType = sourcecode.c.objc; path = SecondViewController.m; sourceTree = "<group>"; };
		D119BBEF1529F8C100663569 /* README */ = {isa = PBXFileReference; fileEncoding = 4; lastKnownFileType = text; path = README; sourceTree = "<group>"; };
/* End PBXFileReference section */

/* Begin PBXFrameworksBuildPhase section */
		D119BBB41529CFD000663569 /* Frameworks */ = {
			isa = PBXFrameworksBuildPhase;
			buildActionMask = 2147483647;
			files = (
				D119BBBC1529CFD000663569 /* UIKit.framework in Frameworks */,
				D119BBBE1529CFD000663569 /* Foundation.framework in Frameworks */,
				D119BBC01529CFD000663569 /* CoreGraphics.framework in Frameworks */,
			);
			runOnlyForDeploymentPostprocessing = 0;
		};
/* End PBXFrameworksBuildPhase section */

/* Begin PBXGroup section */
		D119BBAC1529CFD000663569 = {
			isa = PBXGroup;
			children = (
				D119BBEF1529F8C100663569 /* README */,
				D119BBC11529CFD000663569 /* APPSortingController-Example */,
				D119BBBA1529CFD000663569 /* Frameworks */,
				D119BBB81529CFD000663569 /* Products */,
			);
			sourceTree = "<group>";
		};
		D119BBB81529CFD000663569 /* Products */ = {
			isa = PBXGroup;
			children = (
				D119BBB71529CFD000663569 /* APPSortingController-Example.app */,
			);
			name = Products;
			sourceTree = "<group>";
		};
		D119BBBA1529CFD000663569 /* Frameworks */ = {
			isa = PBXGroup;
			children = (
				D119BBBB1529CFD000663569 /* UIKit.framework */,
				D119BBBD1529CFD000663569 /* Foundation.framework */,
				D119BBBF1529CFD000663569 /* CoreGraphics.framework */,
			);
			name = Frameworks;
			sourceTree = "<group>";
		};
		D119BBC11529CFD000663569 /* APPSortingController-Example */ = {
			isa = PBXGroup;
			children = (
				D119BBCA1529CFD000663569 /* AppDelegate.h */,
				D119BBCB1529CFD000663569 /* AppDelegate.m */,
				D119BBD81529D00600663569 /* FirstViewController.h */,
				D119BBD91529D00600663569 /* FirstViewController.m */,
				D119BBE31529D73100663569 /* SecondViewController.h */,
				D119BBE41529D73100663569 /* SecondViewController.m */,
				D119BBDC1529D5F800663569 /* APPSortingController */,
				D119BBC21529CFD000663569 /* Supporting Files */,
			);
			path = "APPSortingController-Example";
			sourceTree = "<group>";
		};
		D119BBC21529CFD000663569 /* Supporting Files */ = {
			isa = PBXGroup;
			children = (
				D119BBC31529CFD000663569 /* APPSortingController-Example-Info.plist */,
				D119BBC41529CFD000663569 /* InfoPlist.strings */,
				D119BBC71529CFD000663569 /* main.m */,
				D119BBC91529CFD000663569 /* APPSortingController-Example-Prefix.pch */,
			);
			name = "Supporting Files";
			sourceTree = "<group>";
		};
		D119BBDC1529D5F800663569 /* APPSortingController */ = {
			isa = PBXGroup;
			children = (
				D119BBDF1529D5F800663569 /* APPSortingController.h */,
				D119BBE01529D5F800663569 /* APPSortingController.m */,
				D119BBDD1529D5F800663569 /* APPDarkView.h */,
				D119BBDE1529D5F800663569 /* APPDarkView.m */,
			);
			path = APPSortingController;
			sourceTree = "<group>";
		};
/* End PBXGroup section */

/* Begin PBXNativeTarget section */
		D119BBB61529CFD000663569 /* APPSortingController-Example */ = {
			isa = PBXNativeTarget;
			buildConfigurationList = D119BBD51529CFD000663569 /* Build configuration list for PBXNativeTarget "APPSortingController-Example" */;
			buildPhases = (
				D119BBB31529CFD000663569 /* Sources */,
				D119BBB41529CFD000663569 /* Frameworks */,
				D119BBB51529CFD000663569 /* Resources */,
			);
			buildRules = (
			);
			dependencies = (
			);
			name = "APPSortingController-Example";
			productName = "APPSortingController-Example";
			productReference = D119BBB71529CFD000663569 /* APPSortingController-Example.app */;
			productType = "com.apple.product-type.application";
		};
/* End PBXNativeTarget section */

/* Begin PBXProject section */
		D119BBAE1529CFD000663569 /* Project object */ = {
			isa = PBXProject;
			attributes = {
				LastUpgradeCheck = 0430;
			};
			buildConfigurationList = D119BBB11529CFD000663569 /* Build configuration list for PBXProject "APPSortingController-Example" */;
			compatibilityVersion = "Xcode 3.2";
			developmentRegion = English;
			hasScannedForEncodings = 0;
			knownRegions = (
				en,
			);
			mainGroup = D119BBAC1529CFD000663569;
			productRefGroup = D119BBB81529CFD000663569 /* Products */;
			projectDirPath = "";
			projectRoot = "";
			targets = (
				D119BBB61529CFD000663569 /* APPSortingController-Example */,
			);
		};
/* End PBXProject section */

/* Begin PBXResourcesBuildPhase section */
		D119BBB51529CFD000663569 /* Resources */ = {
			isa = PBXResourcesBuildPhase;
			buildActionMask = 2147483647;
			files = (
				D119BBC61529CFD000663569 /* InfoPlist.strings in Resources */,
				D119BBF01529F8C100663569 /* README in Resources */,
			);
			runOnlyForDeploymentPostprocessing = 0;
		};
/* End PBXResourcesBuildPhase section */

/* Begin PBXSourcesBuildPhase section */
		D119BBB31529CFD000663569 /* Sources */ = {
			isa = PBXSourcesBuildPhase;
			buildActionMask = 2147483647;
			files = (
				D119BBC81529CFD000663569 /* main.m in Sources */,
				D119BBCC1529CFD000663569 /* AppDelegate.m in Sources */,
				D119BBDA1529D00600663569 /* FirstViewController.m in Sources */,
				D119BBE11529D5F800663569 /* APPDarkView.m in Sources */,
				D119BBE21529D5F800663569 /* APPSortingController.m in Sources */,
				D119BBE51529D73100663569 /* SecondViewController.m in Sources */,
			);
			runOnlyForDeploymentPostprocessing = 0;
		};
/* End PBXSourcesBuildPhase section */

/* Begin PBXVariantGroup section */
		D119BBC41529CFD000663569 /* InfoPlist.strings */ = {
			isa = PBXVariantGroup;
			children = (
				D119BBC51529CFD000663569 /* en */,
			);
			name = InfoPlist.strings;
			sourceTree = "<group>";
		};
/* End PBXVariantGroup section */

/* Begin XCBuildConfiguration section */
		D119BBD31529CFD000663569 /* Debug */ = {
			isa = XCBuildConfiguration;
			buildSettings = {
				ALWAYS_SEARCH_USER_PATHS = NO;
				ARCHS = "$(ARCHS_STANDARD_32_BIT)";
				CLANG_ENABLE_OBJC_ARC = YES;
				"CODE_SIGN_IDENTITY[sdk=iphoneos*]" = "iPhone Developer";
				COPY_PHASE_STRIP = NO;
				GCC_C_LANGUAGE_STANDARD = gnu99;
				GCC_DYNAMIC_NO_PIC = NO;
				GCC_OPTIMIZATION_LEVEL = 0;
				GCC_PREPROCESSOR_DEFINITIONS = (
					"DEBUG=1",
					"$(inherited)",
				);
				GCC_SYMBOLS_PRIVATE_EXTERN = NO;
				GCC_VERSION = com.apple.compilers.llvm.clang.1_0;
				GCC_WARN_ABOUT_RETURN_TYPE = YES;
				GCC_WARN_UNINITIALIZED_AUTOS = YES;
				GCC_WARN_UNUSED_VARIABLE = YES;
				IPHONEOS_DEPLOYMENT_TARGET = 4.0;
				SDKROOT = iphoneos;
			};
			name = Debug;
		};
		D119BBD41529CFD000663569 /* Release */ = {
			isa = XCBuildConfiguration;
			buildSettings = {
				ALWAYS_SEARCH_USER_PATHS = NO;
				ARCHS = "$(ARCHS_STANDARD_32_BIT)";
				CLANG_ENABLE_OBJC_ARC = YES;
				"CODE_SIGN_IDENTITY[sdk=iphoneos*]" = "iPhone Developer";
				COPY_PHASE_STRIP = YES;
				GCC_C_LANGUAGE_STANDARD = gnu99;
				GCC_VERSION = com.apple.compilers.llvm.clang.1_0;
				GCC_WARN_ABOUT_RETURN_TYPE = YES;
				GCC_WARN_UNINITIALIZED_AUTOS = YES;
				GCC_WARN_UNUSED_VARIABLE = YES;
				IPHONEOS_DEPLOYMENT_TARGET = 4.0;
				OTHER_CFLAGS = "-DNS_BLOCK_ASSERTIONS=1";
				SDKROOT = iphoneos;
				VALIDATE_PRODUCT = YES;
			};
			name = Release;
		};
		D119BBD61529CFD000663569 /* Debug */ = {
			isa = XCBuildConfiguration;
			buildSettings = {
				GCC_PRECOMPILE_PREFIX_HEADER = YES;
				GCC_PREFIX_HEADER = "APPSortingController-Example/APPSortingController-Example-Prefix.pch";
				INFOPLIST_FILE = "APPSortingController-Example/APPSortingController-Example-Info.plist";
				PRODUCT_NAME = "$(TARGET_NAME)";
				WRAPPER_EXTENSION = app;
			};
			name = Debug;
		};
		D119BBD71529CFD000663569 /* Release */ = {
			isa = XCBuildConfiguration;
			buildSettings = {
				GCC_PRECOMPILE_PREFIX_HEADER = YES;
				GCC_PREFIX_HEADER = "APPSortingController-Example/APPSortingController-Example-Prefix.pch";
				INFOPLIST_FILE = "APPSortingController-Example/APPSortingController-Example-Info.plist";
				PRODUCT_NAME = "$(TARGET_NAME)";
				WRAPPER_EXTENSION = app;
			};
			name = Release;
		};
/* End XCBuildConfiguration section */

/* Begin XCConfigurationList section */
		D119BBB11529CFD000663569 /* Build configuration list for PBXProject "APPSortingController-Example" */ = {
			isa = XCConfigurationList;
			buildConfigurations = (
				D119BBD31529CFD000663569 /* Debug */,
				D119BBD41529CFD000663569 /* Release */,
			);
			defaultConfigurationIsVisible = 0;
			defaultConfigurationName = Release;
		};
		D119BBD51529CFD000663569 /* Build configuration list for PBXNativeTarget "APPSortingController-Example" */ = {
			isa = XCConfigurationList;
			buildConfigurations = (
				D119BBD61529CFD000663569 /* Debug */,
				D119BBD71529CFD000663569 /* Release */,
			);
			defaultConfigurationIsVisible = 0;
		};
/* End XCConfigurationList section */
	};
	rootObject = D119BBAE1529CFD000663569 /* Project object */;
}
